
Microsoft Visual Studio Solution File, Format Version 12.00
# Visual Studio Version 17
VisualStudioVersion = 17.0.32112.339
MinimumVisualStudioVersion = 10.0.40219.1
Project("{FAE04EC0-301F-11D3-BF4B-00C04F79EFBC}") = "TransferirArquivoCliente", "TransferirArquivoCliente\TransferirArquivoCliente.csproj", "{F45D96F5-E39A-4E19-A397-952279DFEFA7}"
EndProject
Global
	GlobalSection(SolutionConfigurationPlatforms) = preSolution
		Debug|Any CPU = Debug|Any CPU
		Release|Any CPU = Release|Any CPU
	EndGlobalSection
	GlobalSection(ProjectConfigurationPlatforms) = postSolution
		{F45D96F5-E39A-4E19-A397-952279DFEFA7}.Debug|Any CPU.ActiveCfg = Debug|Any CPU
		{F45D96F5-E39A-4E19-A397-952279DFEFA7}.Debug|Any CPU.Build.0 = Debug|Any CPU
		{F45D96F5-E39A-4E19-A397-952279DFEFA7}.Release|Any CPU.ActiveCfg = Release|Any CPU
		{F45D96F5-E39A-4E19-A397-952279DFEFA7}.Release|Any CPU.Build.0 = Release|Any CPU
	EndGlobalSection
	GlobalSection(SolutionProperties) = preSolution
		HideSolutionNode = FALSE
	EndGlobalSection
	GlobalSection(ExtensibilityGlobals) = postSolution
		SolutionGuid = {009CC522-2087-44EF-AD91-B961D58A9481}
	EndGlobalSection
EndGlobal
